
Microsoft Visual Studio Solution File, Format Version 12.00
# Visual Studio Version 17
VisualStudioVersion = 17.5.33424.131
MinimumVisualStudioVersion = 10.0.40219.1
Project("{FAE04EC0-301F-11D3-BF4B-00C04F79EFBC}") = "BasicsC#", "BasicsC#\BasicsC#.csproj", "{1C2588FE-5C85-46B9-BDC2-E3FEDD38EF62}"
EndProject
Global
	GlobalSection(SolutionConfigurationPlatforms) = preSolution
		Debug|Any CPU = Debug|Any CPU
		Release|Any CPU = Release|Any CPU
	EndGlobalSection
	GlobalSection(ProjectConfigurationPlatforms) = postSolution
		{1C2588FE-5C85-46B9-BDC2-E3FEDD38EF62}.Debug|Any CPU.ActiveCfg = Debug|Any CPU
		{1C2588FE-5C85-46B9-BDC2-E3FEDD38EF62}.Debug|Any CPU.Build.0 = Debug|Any CPU
		{1C2588FE-5C85-46B9-BDC2-E3FEDD38EF62}.Release|Any CPU.ActiveCfg = Release|Any CPU
		{1C2588FE-5C85-46B9-BDC2-E3FEDD38EF62}.Release|Any CPU.Build.0 = Release|Any CPU
	EndGlobalSection
	GlobalSection(SolutionProperties) = preSolution
		HideSolutionNode = FALSE
	EndGlobalSection
	GlobalSection(ExtensibilityGlobals) = postSolution
		SolutionGuid = {19D3BD87-CA17-4A8C-B21F-E05DBB212DCF}
	EndGlobalSection
EndGlobal
